// !$*UTF8*$!
{
	archiveVersion = 1;
	classes = {
	};
	objectVersion = 50;
	objects = {

/* Begin PBXBuildFile section */
		15E6036E249BC66D00E43123 /* AppDelegate.swift in Sources */ = {isa = PBXBuildFile; fileRef = 15E6036D249BC66D00E43123 /* AppDelegate.swift */; };
		15E60370249BC66D00E43123 /* SceneDelegate.swift in Sources */ = {isa = PBXBuildFile; fileRef = 15E6036F249BC66D00E43123 /* SceneDelegate.swift */; };
		15E60372249BC66D00E43123 /* ViewController.swift in Sources */ = {isa = PBXBuildFile; fileRef = 15E60371249BC66D00E43123 /* ViewController.swift */; };
		15E60375249BC66D00E43123 /* Main.storyboard in Resources */ = {isa = PBXBuildFile; fileRef = 15E60373249BC66D00E43123 /* Main.storyboard */; };
		15E60377249BC66F00E43123 /* Assets.xcassets in Resources */ = {isa = PBXBuildFile; fileRef = 15E60376249BC66F00E43123 /* Assets.xcassets */; };
		15E6037A249BC66F00E43123 /* LaunchScreen.storyboard in Resources */ = {isa = PBXBuildFile; fileRef = 15E60378249BC66F00E43123 /* LaunchScreen.storyboard */; };
/* End PBXBuildFile section */

/* Begin PBXFileReference section */
		15E6036A249BC66D00E43123 /* AnimationLottie.app */ = {isa = PBXFileReference; explicitFileType = wrapper.application; includeInIndex = 0; path = AnimationLottie.app; sourceTree = BUILT_PRODUCTS_DIR; };
		15E6036D249BC66D00E43123 /* AppDelegate.swift */ = {isa = PBXFileReference; lastKnownFileType = sourcecode.swift; path = AppDelegate.swift; sourceTree = "<group>"; };
		15E6036F249BC66D00E43123 /* SceneDelegate.swift */ = {isa = PBXFileReference; lastKnownFileType = sourcecode.swift; path = SceneDelegate.swift; sourceTree = "<group>"; };
		15E60371249BC66D00E43123 /* ViewController.swift */ = {isa = PBXFileReference; lastKnownFileType = sourcecode.swift; path = ViewController.swift; sourceTree = "<group>"; };
		15E60374249BC66D00E43123 /* Base */ = {isa = PBXFileReference; lastKnownFileType = file.storyboard; name = Base; path = Base.lproj/Main.storyboard; sourceTree = "<group>"; };
		15E60376249BC66F00E43123 /* Assets.xcassets */ = {isa = PBXFileReference; lastKnownFileType = folder.assetcatalog; path = Assets.xcassets; sourceTree = "<group>"; };
		15E60379249BC66F00E43123 /* Base */ = {isa = PBXFileReference; lastKnownFileType = file.storyboard; name = Base; path = Base.lproj/LaunchScreen.storyboard; sourceTree = "<group>"; };
		15E6037B249BC66F00E43123 /* Info.plist */ = {isa = PBXFileReference; lastKnownFileType = text.plist.xml; path = Info.plist; sourceTree = "<group>"; };
/* End PBXFileReference section */

/* Begin PBXFrameworksBuildPhase section */
		15E60367249BC66D00E43123 /* Frameworks */ = {
			isa = PBXFrameworksBuildPhase;
			buildActionMask = 2147483647;
			files = (
			);
			runOnlyForDeploymentPostprocessing = 0;
		};
/* End PBXFrameworksBuildPhase section */

/* Begin PBXGroup section */
		15E60361249BC66D00E43123 = {
			isa = PBXGroup;
			children = (
				15E6036C249BC66D00E43123 /* AnimationLottie */,
				15E6036B249BC66D00E43123 /* Products */,
			);
			sourceTree = "<group>";
		};
		15E6036B249BC66D00E43123 /* Products */ = {
			isa = PBXGroup;
			children = (
				15E6036A249BC66D00E43123 /* AnimationLottie.app */,
			);
			name = Products;
			sourceTree = "<group>";
		};
		15E6036C249BC66D00E43123 /* AnimationLottie */ = {
			isa = PBXGroup;
			children = (
				15E6036D249BC66D00E43123 /* AppDelegate.swift */,
				15E6036F249BC66D00E43123 /* SceneDelegate.swift */,
				15E60371249BC66D00E43123 /* ViewController.swift */,
				15E60373249BC66D00E43123 /* Main.storyboard */,
				15E60376249BC66F00E43123 /* Assets.xcassets */,
				15E60378249BC66F00E43123 /* LaunchScreen.storyboard */,
				15E6037B249BC66F00E43123 /* Info.plist */,
			);
			path = AnimationLottie;
			sourceTree = "<group>";
		};
/* End PBXGroup section */

/* Begin PBXNativeTarget section */
		15E60369249BC66D00E43123 /* AnimationLottie */ = {
			isa = PBXNativeTarget;
			buildConfigurationList = 15E6037E249BC66F00E43123 /* Build configuration list for PBXNativeTarget "AnimationLottie" */;
			buildPhases = (
				15E60366249BC66D00E43123 /* Sources */,
				15E60367249BC66D00E43123 /* Frameworks */,
				15E60368249BC66D00E43123 /* Resources */,
			);
			buildRules = (
			);
			dependencies = (
			);
			name = AnimationLottie;
			productName = AnimationLottie;
			productReference = 15E6036A249BC66D00E43123 /* AnimationLottie.app */;
			productType = "com.apple.product-type.application";
		};
/* End PBXNativeTarget section */

/* Begin PBXProject section */
		15E60362249BC66D00E43123 /* Project object */ = {
			isa = PBXProject;
			attributes = {
				LastSwiftUpdateCheck = 1140;
				LastUpgradeCheck = 1140;
				ORGANIZATIONNAME = "Luma Gabino Vasconcelos";
				TargetAttributes = {
					15E60369249BC66D00E43123 = {
						CreatedOnToolsVersion = 11.4.1;
					};
				};
			};
			buildConfigurationList = 15E60365249BC66D00E43123 /* Build configuration list for PBXProject "AnimationLottie" */;
			compatibilityVersion = "Xcode 9.3";
			developmentRegion = en;
			hasScannedForEncodings = 0;
			knownRegions = (
				en,
				Base,
			);
			mainGroup = 15E60361249BC66D00E43123;
			productRefGroup = 15E6036B249BC66D00E43123 /* Products */;
			projectDirPath = "";
			projectRoot = "";
			targets = (
				15E60369249BC66D00E43123 /* AnimationLottie */,
			);
		};
/* End PBXProject section */

/* Begin PBXResourcesBuildPhase section */
		15E60368249BC66D00E43123 /* Resources */ = {
			isa = PBXResourcesBuildPhase;
			buildActionMask = 2147483647;
			files = (
				15E6037A249BC66F00E43123 /* LaunchScreen.storyboard in Resources */,
				15E60377249BC66F00E43123 /* Assets.xcassets in Resources */,
				15E60375249BC66D00E43123 /* Main.storyboard in Resources */,
			);
			runOnlyForDeploymentPostprocessing = 0;
		};
/* End PBXResourcesBuildPhase section */

/* Begin PBXSourcesBuildPhase section */
		15E60366249BC66D00E43123 /* Sources */ = {
			isa = PBXSourcesBuildPhase;
			buildActionMask = 2147483647;
			files = (
				15E60372249BC66D00E43123 /* ViewController.swift in Sources */,
				15E6036E249BC66D00E43123 /* AppDelegate.swift in Sources */,
				15E60370249BC66D00E43123 /* SceneDelegate.swift in Sources */,
			);
			runOnlyForDeploymentPostprocessing = 0;
		};
/* End PBXSourcesBuildPhase section */

/* Begin PBXVariantGroup section */
		15E60373249BC66D00E43123 /* Main.storyboard */ = {
			isa = PBXVariantGroup;
			children = (
				15E60374249BC66D00E43123 /* Base */,
			);
			name = Main.storyboard;
			sourceTree = "<group>";
		};
		15E60378249BC66F00E43123 /* LaunchScreen.storyboard */ = {
			isa = PBXVariantGroup;
			children = (
				15E60379249BC66F00E43123 /* Base */,
			);
			name = LaunchScreen.storyboard;
			sourceTree = "<group>";
		};
/* End PBXVariantGroup section */

/* Begin XCBuildConfiguration section */
		15E6037C249BC66F00E43123 /* Debug */ = {
			isa = XCBuildConfiguration;
			buildSettings = {
				ALWAYS_SEARCH_USER_PATHS = NO;
				CLANG_ANALYZER_NONNULL = YES;
				CLANG_ANALYZER_NUMBER_OBJECT_CONVERSION = YES_AGGRESSIVE;
				CLANG_CXX_LANGUAGE_STANDARD = "gnu++14";
				CLANG_CXX_LIBRARY = "libc++";
				CLANG_ENABLE_MODULES = YES;
				CLANG_ENABLE_OBJC_ARC = YES;
				CLANG_ENABLE_OBJC_WEAK = YES;
				CLANG_WARN_BLOCK_CAPTURE_AUTORELEASING = YES;
				CLANG_WARN_BOOL_CONVERSION = YES;
				CLANG_WARN_COMMA = YES;
				CLANG_WARN_CONSTANT_CONVERSION = YES;
				CLANG_WARN_DEPRECATED_OBJC_IMPLEMENTATIONS = YES;
				CLANG_WARN_DIRECT_OBJC_ISA_USAGE = YES_ERROR;
				CLANG_WARN_DOCUMENTATION_COMMENTS = YES;
				CLANG_WARN_EMPTY_BODY = YES;
				CLANG_WARN_ENUM_CONVERSION = YES;
				CLANG_WARN_INFINITE_RECURSION = YES;
				CLANG_WARN_INT_CONVERSION = YES;
				CLANG_WARN_NON_LITERAL_NULL_CONVERSION = YES;
				CLANG_WARN_OBJC_IMPLICIT_RETAIN_SELF = YES;
				CLANG_WARN_OBJC_LITERAL_CONVERSION = YES;
				CLANG_WARN_OBJC_ROOT_CLASS = YES_ERROR;
				CLANG_WARN_RANGE_LOOP_ANALYSIS = YES;
				CLANG_WARN_STRICT_PROTOTYPES = YES;
				CLANG_WARN_SUSPICIOUS_MOVE = YES;
				CLANG_WARN_UNGUARDED_AVAILABILITY = YES_AGGRESSIVE;
				CLANG_WARN_UNREACHABLE_CODE = YES;
				CLANG_WARN__DUPLICATE_METHOD_MATCH = YES;
				COPY_PHASE_STRIP = NO;
				DEBUG_INFORMATION_FORMAT = dwarf;
				ENABLE_STRICT_OBJC_MSGSEND = YES;
				ENABLE_TESTABILITY = YES;
				GCC_C_LANGUAGE_STANDARD = gnu11;
				GCC_DYNAMIC_NO_PIC = NO;
				GCC_NO_COMMON_BLOCKS = YES;
				GCC_OPTIMIZATION_LEVEL = 0;
				GCC_PREPROCESSOR_DEFINITIONS = (
					"DEBUG=1",
					"$(inherited)",
				);
				GCC_WARN_64_TO_32_BIT_CONVERSION = YES;
				GCC_WARN_ABOUT_RETURN_TYPE = YES_ERROR;
				GCC_WARN_UNDECLARED_SELECTOR = YES;
				GCC_WARN_UNINITIALIZED_AUTOS = YES_AGGRESSIVE;
				GCC_WARN_UNUSED_FUNCTION = YES;
				GCC_WARN_UNUSED_VARIABLE = YES;
				IPHONEOS_DEPLOYMENT_TARGET = 13.4;
				MTL_ENABLE_DEBUG_INFO = INCLUDE_SOURCE;
				MTL_FAST_MATH = YES;
				ONLY_ACTIVE_ARCH = YES;
				SDKROOT = iphoneos;
				SWIFT_ACTIVE_COMPILATION_CONDITIONS = DEBUG;
				SWIFT_OPTIMIZATION_LEVEL = "-Onone";
			};
			name = Debug;
		};
		15E6037D249BC66F00E43123 /* Release */ = {
			isa = XCBuildConfiguration;
			buildSettings = {
				ALWAYS_SEARCH_USER_PATHS = NO;
				CLANG_ANALYZER_NONNULL = YES;
				CLANG_ANALYZER_NUMBER_OBJECT_CONVERSION = YES_AGGRESSIVE;
				CLANG_CXX_LANGUAGE_STANDARD = "gnu++14";
				CLANG_CXX_LIBRARY = "libc++";
				CLANG_ENABLE_MODULES = YES;
				CLANG_ENABLE_OBJC_ARC = YES;
				CLANG_ENABLE_OBJC_WEAK = YES;
				CLANG_WARN_BLOCK_CAPTURE_AUTORELEASING = YES;
				CLANG_WARN_BOOL_CONVERSION = YES;
				CLANG_WARN_COMMA = YES;
				CLANG_WARN_CONSTANT_CONVERSION = YES;
				CLANG_WARN_DEPRECATED_OBJC_IMPLEMENTATIONS = YES;
				CLANG_WARN_DIRECT_OBJC_ISA_USAGE = YES_ERROR;
				CLANG_WARN_DOCUMENTATION_COMMENTS = YES;
				CLANG_WARN_EMPTY_BODY = YES;
				CLANG_WARN_ENUM_CONVERSION = YES;
				CLANG_WARN_INFINITE_RECURSION = YES;
				CLANG_WARN_INT_CONVERSION = YES;
				CLANG_WARN_NON_LITERAL_NULL_CONVERSION = YES;
				CLANG_WARN_OBJC_IMPLICIT_RETAIN_SELF = YES;
				CLANG_WARN_OBJC_LITERAL_CONVERSION = YES;
				CLANG_WARN_OBJC_ROOT_CLASS = YES_ERROR;
				CLANG_WARN_RANGE_LOOP_ANALYSIS = YES;
				CLANG_WARN_STRICT_PROTOTYPES = YES;
				CLANG_WARN_SUSPICIOUS_MOVE = YES;
				CLANG_WARN_UNGUARDED_AVAILABILITY = YES_AGGRESSIVE;
				CLANG_WARN_UNREACHABLE_CODE = YES;
				CLANG_WARN__DUPLICATE_METHOD_MATCH = YES;
				COPY_PHASE_STRIP = NO;
				DEBUG_INFORMATION_FORMAT = "dwarf-with-dsym";
				ENABLE_NS_ASSERTIONS = NO;
				ENABLE_STRICT_OBJC_MSGSEND = YES;
				GCC_C_LANGUAGE_STANDARD = gnu11;
				GCC_NO_COMMON_BLOCKS = YES;
				GCC_WARN_64_TO_32_BIT_CONVERSION = YES;
				GCC_WARN_ABOUT_RETURN_TYPE = YES_ERROR;
				GCC_WARN_UNDECLARED_SELECTOR = YES;
				GCC_WARN_UNINITIALIZED_AUTOS = YES_AGGRESSIVE;
				GCC_WARN_UNUSED_FUNCTION = YES;
				GCC_WARN_UNUSED_VARIABLE = YES;
				IPHONEOS_DEPLOYMENT_TARGET = 13.4;
				MTL_ENABLE_DEBUG_INFO = NO;
				MTL_FAST_MATH = YES;
				SDKROOT = iphoneos;
				SWIFT_COMPILATION_MODE = wholemodule;
				SWIFT_OPTIMIZATION_LEVEL = "-O";
				VALIDATE_PRODUCT = YES;
			};
			name = Release;
		};
		15E6037F249BC66F00E43123 /* Debug */ = {
			isa = XCBuildConfiguration;
			buildSettings = {
				ASSETCATALOG_COMPILER_APPICON_NAME = AppIcon;
				CODE_SIGN_STYLE = Automatic;
				DEVELOPMENT_TEAM = KDP22XDFSU;
				INFOPLIST_FILE = AnimationLottie/Info.plist;
				LD_RUNPATH_SEARCH_PATHS = (
					"$(inherited)",
					"@executable_path/Frameworks",
				);
				PRODUCT_BUNDLE_IDENTIFIER = gabino.luma.AnimationLottie;
				PRODUCT_NAME = "$(TARGET_NAME)";
				SWIFT_VERSION = 5.0;
				TARGETED_DEVICE_FAMILY = "1,2";
			};
			name = Debug;
		};
		15E60380249BC66F00E43123 /* Release */ = {
			isa = XCBuildConfiguration;
			buildSettings = {
				ASSETCATALOG_COMPILER_APPICON_NAME = AppIcon;
				CODE_SIGN_STYLE = Automatic;
				DEVELOPMENT_TEAM = KDP22XDFSU;
				INFOPLIST_FILE = AnimationLottie/Info.plist;
				LD_RUNPATH_SEARCH_PATHS = (
					"$(inherited)",
					"@executable_path/Frameworks",
				);
				PRODUCT_BUNDLE_IDENTIFIER = gabino.luma.AnimationLottie;
				PRODUCT_NAME = "$(TARGET_NAME)";
				SWIFT_VERSION = 5.0;
				TARGETED_DEVICE_FAMILY = "1,2";
			};
			name = Release;
		};
/* End XCBuildConfiguration section */

/* Begin XCConfigurationList section */
		15E60365249BC66D00E43123 /* Build configuration list for PBXProject "AnimationLottie" */ = {
			isa = XCConfigurationList;
			buildConfigurations = (
				15E6037C249BC66F00E43123 /* Debug */,
				15E6037D249BC66F00E43123 /* Release */,
			);
			defaultConfigurationIsVisible = 0;
			defaultConfigurationName = Release;
		};
		15E6037E249BC66F00E43123 /* Build configuration list for PBXNativeTarget "AnimationLottie" */ = {
			isa = XCConfigurationList;
			buildConfigurations = (
				15E6037F249BC66F00E43123 /* Debug */,
				15E60380249BC66F00E43123 /* Release */,
			);
			defaultConfigurationIsVisible = 0;
			defaultConfigurationName = Release;
		};
/* End XCConfigurationList section */
	};
	rootObject = 15E60362249BC66D00E43123 /* Project object */;
}
