// !$*UTF8*$!
{
	archiveVersion = 1;
	classes = {
	};
	objectVersion = 50;
	objects = {

/* Begin PBXBuildFile section */
		1505784A249BB70F00222915 /* AppDelegate.swift in Sources */ = {isa = PBXBuildFile; fileRef = 15057849249BB70F00222915 /* AppDelegate.swift */; };
		1505784C249BB70F00222915 /* ViewController.swift in Sources */ = {isa = PBXBuildFile; fileRef = 1505784B249BB70F00222915 /* ViewController.swift */; };
		1505784E249BB71100222915 /* Assets.xcassets in Resources */ = {isa = PBXBuildFile; fileRef = 1505784D249BB71100222915 /* Assets.xcassets */; };
		15057851249BB71100222915 /* Main.storyboard in Resources */ = {isa = PBXBuildFile; fileRef = 1505784F249BB71100222915 /* Main.storyboard */; };
		1505785D249BB71100222915 /* AnimationLottieTests.swift in Sources */ = {isa = PBXBuildFile; fileRef = 1505785C249BB71100222915 /* AnimationLottieTests.swift */; };
/* End PBXBuildFile section */

/* Begin PBXContainerItemProxy section */
		15057859249BB71100222915 /* PBXContainerItemProxy */ = {
			isa = PBXContainerItemProxy;
			containerPortal = 1505783E249BB70F00222915 /* Project object */;
			proxyType = 1;
			remoteGlobalIDString = 15057845249BB70F00222915;
			remoteInfo = AnimationLottie;
		};
/* End PBXContainerItemProxy section */

/* Begin PBXFileReference section */
		15057846249BB70F00222915 /* AnimationLottie.app */ = {isa = PBXFileReference; explicitFileType = wrapper.application; includeInIndex = 0; path = AnimationLottie.app; sourceTree = BUILT_PRODUCTS_DIR; };
		15057849249BB70F00222915 /* AppDelegate.swift */ = {isa = PBXFileReference; lastKnownFileType = sourcecode.swift; path = AppDelegate.swift; sourceTree = "<group>"; };
		1505784B249BB70F00222915 /* ViewController.swift */ = {isa = PBXFileReference; lastKnownFileType = sourcecode.swift; path = ViewController.swift; sourceTree = "<group>"; };
		1505784D249BB71100222915 /* Assets.xcassets */ = {isa = PBXFileReference; lastKnownFileType = folder.assetcatalog; path = Assets.xcassets; sourceTree = "<group>"; };
		15057850249BB71100222915 /* Base */ = {isa = PBXFileReference; lastKnownFileType = file.storyboard; name = Base; path = Base.lproj/Main.storyboard; sourceTree = "<group>"; };
		15057852249BB71100222915 /* Info.plist */ = {isa = PBXFileReference; lastKnownFileType = text.plist.xml; path = Info.plist; sourceTree = "<group>"; };
		15057853249BB71100222915 /* AnimationLottie.entitlements */ = {isa = PBXFileReference; lastKnownFileType = text.plist.entitlements; path = AnimationLottie.entitlements; sourceTree = "<group>"; };
		15057858249BB71100222915 /* AnimationLottieTests.xctest */ = {isa = PBXFileReference; explicitFileType = wrapper.cfbundle; includeInIndex = 0; path = AnimationLottieTests.xctest; sourceTree = BUILT_PRODUCTS_DIR; };
		1505785C249BB71100222915 /* AnimationLottieTests.swift */ = {isa = PBXFileReference; lastKnownFileType = sourcecode.swift; path = AnimationLottieTests.swift; sourceTree = "<group>"; };
		1505785E249BB71100222915 /* Info.plist */ = {isa = PBXFileReference; lastKnownFileType = text.plist.xml; path = Info.plist; sourceTree = "<group>"; };
/* End PBXFileReference section */

/* Begin PBXFrameworksBuildPhase section */
		15057843249BB70F00222915 /* Frameworks */ = {
			isa = PBXFrameworksBuildPhase;
			buildActionMask = 2147483647;
			files = (
			);
			runOnlyForDeploymentPostprocessing = 0;
		};
		15057855249BB71100222915 /* Frameworks */ = {
			isa = PBXFrameworksBuildPhase;
			buildActionMask = 2147483647;
			files = (
			);
			runOnlyForDeploymentPostprocessing = 0;
		};
/* End PBXFrameworksBuildPhase section */

/* Begin PBXGroup section */
		1505783D249BB70F00222915 = {
			isa = PBXGroup;
			children = (
				15057848249BB70F00222915 /* AnimationLottie */,
				1505785B249BB71100222915 /* AnimationLottieTests */,
				15057847249BB70F00222915 /* Products */,
			);
			sourceTree = "<group>";
		};
		15057847249BB70F00222915 /* Products */ = {
			isa = PBXGroup;
			children = (
				15057846249BB70F00222915 /* AnimationLottie.app */,
				15057858249BB71100222915 /* AnimationLottieTests.xctest */,
			);
			name = Products;
			sourceTree = "<group>";
		};
		15057848249BB70F00222915 /* AnimationLottie */ = {
			isa = PBXGroup;
			children = (
				15057849249BB70F00222915 /* AppDelegate.swift */,
				1505784B249BB70F00222915 /* ViewController.swift */,
				1505784D249BB71100222915 /* Assets.xcassets */,
				1505784F249BB71100222915 /* Main.storyboard */,
				15057852249BB71100222915 /* Info.plist */,
				15057853249BB71100222915 /* AnimationLottie.entitlements */,
			);
			path = AnimationLottie;
			sourceTree = "<group>";
		};
		1505785B249BB71100222915 /* AnimationLottieTests */ = {
			isa = PBXGroup;
			children = (
				1505785C249BB71100222915 /* AnimationLottieTests.swift */,
				1505785E249BB71100222915 /* Info.plist */,
			);
			path = AnimationLottieTests;
			sourceTree = "<group>";
		};
/* End PBXGroup section */

/* Begin PBXNativeTarget section */
		15057845249BB70F00222915 /* AnimationLottie */ = {
			isa = PBXNativeTarget;
			buildConfigurationList = 15057861249BB71100222915 /* Build configuration list for PBXNativeTarget "AnimationLottie" */;
			buildPhases = (
				15057842249BB70F00222915 /* Sources */,
				15057843249BB70F00222915 /* Frameworks */,
				15057844249BB70F00222915 /* Resources */,
			);
			buildRules = (
			);
			dependencies = (
			);
			name = AnimationLottie;
			productName = AnimationLottie;
			productReference = 15057846249BB70F00222915 /* AnimationLottie.app */;
			productType = "com.apple.product-type.application";
		};
		15057857249BB71100222915 /* AnimationLottieTests */ = {
			isa = PBXNativeTarget;
			buildConfigurationList = 15057864249BB71100222915 /* Build configuration list for PBXNativeTarget "AnimationLottieTests" */;
			buildPhases = (
				15057854249BB71100222915 /* Sources */,
				15057855249BB71100222915 /* Frameworks */,
				15057856249BB71100222915 /* Resources */,
			);
			buildRules = (
			);
			dependencies = (
				1505785A249BB71100222915 /* PBXTargetDependency */,
			);
			name = AnimationLottieTests;
			productName = AnimationLottieTests;
			productReference = 15057858249BB71100222915 /* AnimationLottieTests.xctest */;
			productType = "com.apple.product-type.bundle.unit-test";
		};
/* End PBXNativeTarget section */

/* Begin PBXProject section */
		1505783E249BB70F00222915 /* Project object */ = {
			isa = PBXProject;
			attributes = {
				LastSwiftUpdateCheck = 1140;
				LastUpgradeCheck = 1140;
				ORGANIZATIONNAME = "Luma Gabino Vasconcelos";
				TargetAttributes = {
					15057845249BB70F00222915 = {
						CreatedOnToolsVersion = 11.4.1;
					};
					15057857249BB71100222915 = {
						CreatedOnToolsVersion = 11.4.1;
						TestTargetID = 15057845249BB70F00222915;
					};
				};
			};
			buildConfigurationList = 15057841249BB70F00222915 /* Build configuration list for PBXProject "AnimationLottie" */;
			compatibilityVersion = "Xcode 9.3";
			developmentRegion = en;
			hasScannedForEncodings = 0;
			knownRegions = (
				en,
				Base,
			);
			mainGroup = 1505783D249BB70F00222915;
			productRefGroup = 15057847249BB70F00222915 /* Products */;
			projectDirPath = "";
			projectRoot = "";
			targets = (
				15057845249BB70F00222915 /* AnimationLottie */,
				15057857249BB71100222915 /* AnimationLottieTests */,
			);
		};
/* End PBXProject section */

/* Begin PBXResourcesBuildPhase section */
		15057844249BB70F00222915 /* Resources */ = {
			isa = PBXResourcesBuildPhase;
			buildActionMask = 2147483647;
			files = (
				1505784E249BB71100222915 /* Assets.xcassets in Resources */,
				15057851249BB71100222915 /* Main.storyboard in Resources */,
			);
			runOnlyForDeploymentPostprocessing = 0;
		};
		15057856249BB71100222915 /* Resources */ = {
			isa = PBXResourcesBuildPhase;
			buildActionMask = 2147483647;
			files = (
			);
			runOnlyForDeploymentPostprocessing = 0;
		};
/* End PBXResourcesBuildPhase section */

/* Begin PBXSourcesBuildPhase section */
		15057842249BB70F00222915 /* Sources */ = {
			isa = PBXSourcesBuildPhase;
			buildActionMask = 2147483647;
			files = (
				1505784C249BB70F00222915 /* ViewController.swift in Sources */,
				1505784A249BB70F00222915 /* AppDelegate.swift in Sources */,
			);
			runOnlyForDeploymentPostprocessing = 0;
		};
		15057854249BB71100222915 /* Sources */ = {
			isa = PBXSourcesBuildPhase;
			buildActionMask = 2147483647;
			files = (
				1505785D249BB71100222915 /* AnimationLottieTests.swift in Sources */,
			);
			runOnlyForDeploymentPostprocessing = 0;
		};
/* End PBXSourcesBuildPhase section */

/* Begin PBXTargetDependency section */
		1505785A249BB71100222915 /* PBXTargetDependency */ = {
			isa = PBXTargetDependency;
			target = 15057845249BB70F00222915 /* AnimationLottie */;
			targetProxy = 15057859249BB71100222915 /* PBXContainerItemProxy */;
		};
/* End PBXTargetDependency section */

/* Begin PBXVariantGroup section */
		1505784F249BB71100222915 /* Main.storyboard */ = {
			isa = PBXVariantGroup;
			children = (
				15057850249BB71100222915 /* Base */,
			);
			name = Main.storyboard;
			sourceTree = "<group>";
		};
/* End PBXVariantGroup section */

/* Begin XCBuildConfiguration section */
		1505785F249BB71100222915 /* Debug */ = {
			isa = XCBuildConfiguration;
			buildSettings = {
				ALWAYS_SEARCH_USER_PATHS = NO;
				CLANG_ANALYZER_NONNULL = YES;
				CLANG_ANALYZER_NUMBER_OBJECT_CONVERSION = YES_AGGRESSIVE;
				CLANG_CXX_LANGUAGE_STANDARD = "gnu++14";
				CLANG_CXX_LIBRARY = "libc++";
				CLANG_ENABLE_MODULES = YES;
				CLANG_ENABLE_OBJC_ARC = YES;
				CLANG_ENABLE_OBJC_WEAK = YES;
				CLANG_WARN_BLOCK_CAPTURE_AUTORELEASING = YES;
				CLANG_WARN_BOOL_CONVERSION = YES;
				CLANG_WARN_COMMA = YES;
				CLANG_WARN_CONSTANT_CONVERSION = YES;
				CLANG_WARN_DEPRECATED_OBJC_IMPLEMENTATIONS = YES;
				CLANG_WARN_DIRECT_OBJC_ISA_USAGE = YES_ERROR;
				CLANG_WARN_DOCUMENTATION_COMMENTS = YES;
				CLANG_WARN_EMPTY_BODY = YES;
				CLANG_WARN_ENUM_CONVERSION = YES;
				CLANG_WARN_INFINITE_RECURSION = YES;
				CLANG_WARN_INT_CONVERSION = YES;
				CLANG_WARN_NON_LITERAL_NULL_CONVERSION = YES;
				CLANG_WARN_OBJC_IMPLICIT_RETAIN_SELF = YES;
				CLANG_WARN_OBJC_LITERAL_CONVERSION = YES;
				CLANG_WARN_OBJC_ROOT_CLASS = YES_ERROR;
				CLANG_WARN_RANGE_LOOP_ANALYSIS = YES;
				CLANG_WARN_STRICT_PROTOTYPES = YES;
				CLANG_WARN_SUSPICIOUS_MOVE = YES;
				CLANG_WARN_UNGUARDED_AVAILABILITY = YES_AGGRESSIVE;
				CLANG_WARN_UNREACHABLE_CODE = YES;
				CLANG_WARN__DUPLICATE_METHOD_MATCH = YES;
				COPY_PHASE_STRIP = NO;
				DEBUG_INFORMATION_FORMAT = dwarf;
				ENABLE_STRICT_OBJC_MSGSEND = YES;
				ENABLE_TESTABILITY = YES;
				GCC_C_LANGUAGE_STANDARD = gnu11;
				GCC_DYNAMIC_NO_PIC = NO;
				GCC_NO_COMMON_BLOCKS = YES;
				GCC_OPTIMIZATION_LEVEL = 0;
				GCC_PREPROCESSOR_DEFINITIONS = (
					"DEBUG=1",
					"$(inherited)",
				);
				GCC_WARN_64_TO_32_BIT_CONVERSION = YES;
				GCC_WARN_ABOUT_RETURN_TYPE = YES_ERROR;
				GCC_WARN_UNDECLARED_SELECTOR = YES;
				GCC_WARN_UNINITIALIZED_AUTOS = YES_AGGRESSIVE;
				GCC_WARN_UNUSED_FUNCTION = YES;
				GCC_WARN_UNUSED_VARIABLE = YES;
				MACOSX_DEPLOYMENT_TARGET = 10.15;
				MTL_ENABLE_DEBUG_INFO = INCLUDE_SOURCE;
				MTL_FAST_MATH = YES;
				ONLY_ACTIVE_ARCH = YES;
				SDKROOT = macosx;
				SWIFT_ACTIVE_COMPILATION_CONDITIONS = DEBUG;
				SWIFT_OPTIMIZATION_LEVEL = "-Onone";
			};
			name = Debug;
		};
		15057860249BB71100222915 /* Release */ = {
			isa = XCBuildConfiguration;
			buildSettings = {
				ALWAYS_SEARCH_USER_PATHS = NO;
				CLANG_ANALYZER_NONNULL = YES;
				CLANG_ANALYZER_NUMBER_OBJECT_CONVERSION = YES_AGGRESSIVE;
				CLANG_CXX_LANGUAGE_STANDARD = "gnu++14";
				CLANG_CXX_LIBRARY = "libc++";
				CLANG_ENABLE_MODULES = YES;
				CLANG_ENABLE_OBJC_ARC = YES;
				CLANG_ENABLE_OBJC_WEAK = YES;
				CLANG_WARN_BLOCK_CAPTURE_AUTORELEASING = YES;
				CLANG_WARN_BOOL_CONVERSION = YES;
				CLANG_WARN_COMMA = YES;
				CLANG_WARN_CONSTANT_CONVERSION = YES;
				CLANG_WARN_DEPRECATED_OBJC_IMPLEMENTATIONS = YES;
				CLANG_WARN_DIRECT_OBJC_ISA_USAGE = YES_ERROR;
				CLANG_WARN_DOCUMENTATION_COMMENTS = YES;
				CLANG_WARN_EMPTY_BODY = YES;
				CLANG_WARN_ENUM_CONVERSION = YES;
				CLANG_WARN_INFINITE_RECURSION = YES;
				CLANG_WARN_INT_CONVERSION = YES;
				CLANG_WARN_NON_LITERAL_NULL_CONVERSION = YES;
				CLANG_WARN_OBJC_IMPLICIT_RETAIN_SELF = YES;
				CLANG_WARN_OBJC_LITERAL_CONVERSION = YES;
				CLANG_WARN_OBJC_ROOT_CLASS = YES_ERROR;
				CLANG_WARN_RANGE_LOOP_ANALYSIS = YES;
				CLANG_WARN_STRICT_PROTOTYPES = YES;
				CLANG_WARN_SUSPICIOUS_MOVE = YES;
				CLANG_WARN_UNGUARDED_AVAILABILITY = YES_AGGRESSIVE;
				CLANG_WARN_UNREACHABLE_CODE = YES;
				CLANG_WARN__DUPLICATE_METHOD_MATCH = YES;
				COPY_PHASE_STRIP = NO;
				DEBUG_INFORMATION_FORMAT = "dwarf-with-dsym";
				ENABLE_NS_ASSERTIONS = NO;
				ENABLE_STRICT_OBJC_MSGSEND = YES;
				GCC_C_LANGUAGE_STANDARD = gnu11;
				GCC_NO_COMMON_BLOCKS = YES;
				GCC_WARN_64_TO_32_BIT_CONVERSION = YES;
				GCC_WARN_ABOUT_RETURN_TYPE = YES_ERROR;
				GCC_WARN_UNDECLARED_SELECTOR = YES;
				GCC_WARN_UNINITIALIZED_AUTOS = YES_AGGRESSIVE;
				GCC_WARN_UNUSED_FUNCTION = YES;
				GCC_WARN_UNUSED_VARIABLE = YES;
				MACOSX_DEPLOYMENT_TARGET = 10.15;
				MTL_ENABLE_DEBUG_INFO = NO;
				MTL_FAST_MATH = YES;
				SDKROOT = macosx;
				SWIFT_COMPILATION_MODE = wholemodule;
				SWIFT_OPTIMIZATION_LEVEL = "-O";
			};
			name = Release;
		};
		15057862249BB71100222915 /* Debug */ = {
			isa = XCBuildConfiguration;
			buildSettings = {
				ASSETCATALOG_COMPILER_APPICON_NAME = AppIcon;
				CODE_SIGN_ENTITLEMENTS = AnimationLottie/AnimationLottie.entitlements;
				CODE_SIGN_STYLE = Automatic;
				COMBINE_HIDPI_IMAGES = YES;
				DEVELOPMENT_TEAM = KDP22XDFSU;
				ENABLE_HARDENED_RUNTIME = YES;
				INFOPLIST_FILE = AnimationLottie/Info.plist;
				LD_RUNPATH_SEARCH_PATHS = (
					"$(inherited)",
					"@executable_path/../Frameworks",
				);
				PRODUCT_BUNDLE_IDENTIFIER = gabino.luma.AnimationLottie;
				PRODUCT_NAME = "$(TARGET_NAME)";
				SWIFT_VERSION = 5.0;
			};
			name = Debug;
		};
		15057863249BB71100222915 /* Release */ = {
			isa = XCBuildConfiguration;
			buildSettings = {
				ASSETCATALOG_COMPILER_APPICON_NAME = AppIcon;
				CODE_SIGN_ENTITLEMENTS = AnimationLottie/AnimationLottie.entitlements;
				CODE_SIGN_STYLE = Automatic;
				COMBINE_HIDPI_IMAGES = YES;
				DEVELOPMENT_TEAM = KDP22XDFSU;
				ENABLE_HARDENED_RUNTIME = YES;
				INFOPLIST_FILE = AnimationLottie/Info.plist;
				LD_RUNPATH_SEARCH_PATHS = (
					"$(inherited)",
					"@executable_path/../Frameworks",
				);
				PRODUCT_BUNDLE_IDENTIFIER = gabino.luma.AnimationLottie;
				PRODUCT_NAME = "$(TARGET_NAME)";
				SWIFT_VERSION = 5.0;
			};
			name = Release;
		};
		15057865249BB71100222915 /* Debug */ = {
			isa = XCBuildConfiguration;
			buildSettings = {
				ALWAYS_EMBED_SWIFT_STANDARD_LIBRARIES = YES;
				BUNDLE_LOADER = "$(TEST_HOST)";
				CODE_SIGN_STYLE = Automatic;
				COMBINE_HIDPI_IMAGES = YES;
				DEVELOPMENT_TEAM = KDP22XDFSU;
				INFOPLIST_FILE = AnimationLottieTests/Info.plist;
				LD_RUNPATH_SEARCH_PATHS = (
					"$(inherited)",
					"@executable_path/../Frameworks",
					"@loader_path/../Frameworks",
				);
				MACOSX_DEPLOYMENT_TARGET = 10.15;
				PRODUCT_BUNDLE_IDENTIFIER = gabino.luma.AnimationLottieTests;
				PRODUCT_NAME = "$(TARGET_NAME)";
				SWIFT_VERSION = 5.0;
				TEST_HOST = "$(BUILT_PRODUCTS_DIR)/AnimationLottie.app/Contents/MacOS/AnimationLottie";
			};
			name = Debug;
		};
		15057866249BB71100222915 /* Release */ = {
			isa = XCBuildConfiguration;
			buildSettings = {
				ALWAYS_EMBED_SWIFT_STANDARD_LIBRARIES = YES;
				BUNDLE_LOADER = "$(TEST_HOST)";
				CODE_SIGN_STYLE = Automatic;
				COMBINE_HIDPI_IMAGES = YES;
				DEVELOPMENT_TEAM = KDP22XDFSU;
				INFOPLIST_FILE = AnimationLottieTests/Info.plist;
				LD_RUNPATH_SEARCH_PATHS = (
					"$(inherited)",
					"@executable_path/../Frameworks",
					"@loader_path/../Frameworks",
				);
				MACOSX_DEPLOYMENT_TARGET = 10.15;
				PRODUCT_BUNDLE_IDENTIFIER = gabino.luma.AnimationLottieTests;
				PRODUCT_NAME = "$(TARGET_NAME)";
				SWIFT_VERSION = 5.0;
				TEST_HOST = "$(BUILT_PRODUCTS_DIR)/AnimationLottie.app/Contents/MacOS/AnimationLottie";
			};
			name = Release;
		};
/* End XCBuildConfiguration section */

/* Begin XCConfigurationList section */
		15057841249BB70F00222915 /* Build configuration list for PBXProject "AnimationLottie" */ = {
			isa = XCConfigurationList;
			buildConfigurations = (
				1505785F249BB71100222915 /* Debug */,
				15057860249BB71100222915 /* Release */,
			);
			defaultConfigurationIsVisible = 0;
			defaultConfigurationName = Release;
		};
		15057861249BB71100222915 /* Build configuration list for PBXNativeTarget "AnimationLottie" */ = {
			isa = XCConfigurationList;
			buildConfigurations = (
				15057862249BB71100222915 /* Debug */,
				15057863249BB71100222915 /* Release */,
			);
			defaultConfigurationIsVisible = 0;
			defaultConfigurationName = Release;
		};
		15057864249BB71100222915 /* Build configuration list for PBXNativeTarget "AnimationLottieTests" */ = {
			isa = XCConfigurationList;
			buildConfigurations = (
				15057865249BB71100222915 /* Debug */,
				15057866249BB71100222915 /* Release */,
			);
			defaultConfigurationIsVisible = 0;
			defaultConfigurationName = Release;
		};
/* End XCConfigurationList section */
	};
	rootObject = 1505783E249BB70F00222915 /* Project object */;
}
